// !$*UTF8*$!
{
	archiveVersion = 1;
	classes = {
	};
	objectVersion = 50;
	objects = {

/* Begin PBXBuildFile section */
		0337F7BF242F7C380080D0E5 /* AppDelegate.swift in Sources */ = {isa = PBXBuildFile; fileRef = 0337F7BE242F7C380080D0E5 /* AppDelegate.swift */; };
		0337F7C1242F7C380080D0E5 /* SceneDelegate.swift in Sources */ = {isa = PBXBuildFile; fileRef = 0337F7C0242F7C380080D0E5 /* SceneDelegate.swift */; };
		0337F7C3242F7C380080D0E5 /* ContentView.swift in Sources */ = {isa = PBXBuildFile; fileRef = 0337F7C2242F7C380080D0E5 /* ContentView.swift */; };
		0337F7C5242F7C3B0080D0E5 /* Assets.xcassets in Resources */ = {isa = PBXBuildFile; fileRef = 0337F7C4242F7C3B0080D0E5 /* Assets.xcassets */; };
		0337F7C8242F7C3B0080D0E5 /* Preview Assets.xcassets in Resources */ = {isa = PBXBuildFile; fileRef = 0337F7C7242F7C3B0080D0E5 /* Preview Assets.xcassets */; };
		0337F7CB242F7C3B0080D0E5 /* LaunchScreen.storyboard in Resources */ = {isa = PBXBuildFile; fileRef = 0337F7C9242F7C3B0080D0E5 /* LaunchScreen.storyboard */; };
		0337F7D5242F7CC40080D0E5 /* Games.swift in Sources */ = {isa = PBXBuildFile; fileRef = 0337F7D4242F7CC40080D0E5 /* Games.swift */; };
		0337F7DB242FAA5B0080D0E5 /* 4LetterDictionary.json in Resources */ = {isa = PBXBuildFile; fileRef = 0337F7DA242FAA5B0080D0E5 /* 4LetterDictionary.json */; };
		0337F7DD242FAC220080D0E5 /* FourLetterDictionary.swift in Sources */ = {isa = PBXBuildFile; fileRef = 0337F7DC242FAC220080D0E5 /* FourLetterDictionary.swift */; };
		0337F7DF242FEF900080D0E5 /* DataLoader.swift in Sources */ = {isa = PBXBuildFile; fileRef = 0337F7DE242FEF900080D0E5 /* DataLoader.swift */; };
/* End PBXBuildFile section */

/* Begin PBXFileReference section */
		0337F7BB242F7C380080D0E5 /* WordPlay.app */ = {isa = PBXFileReference; explicitFileType = wrapper.application; includeInIndex = 0; path = WordPlay.app; sourceTree = BUILT_PRODUCTS_DIR; };
		0337F7BE242F7C380080D0E5 /* AppDelegate.swift */ = {isa = PBXFileReference; lastKnownFileType = sourcecode.swift; path = AppDelegate.swift; sourceTree = "<group>"; };
		0337F7C0242F7C380080D0E5 /* SceneDelegate.swift */ = {isa = PBXFileReference; lastKnownFileType = sourcecode.swift; path = SceneDelegate.swift; sourceTree = "<group>"; };
		0337F7C2242F7C380080D0E5 /* ContentView.swift */ = {isa = PBXFileReference; lastKnownFileType = sourcecode.swift; path = ContentView.swift; sourceTree = "<group>"; };
		0337F7C4242F7C3B0080D0E5 /* Assets.xcassets */ = {isa = PBXFileReference; lastKnownFileType = folder.assetcatalog; path = Assets.xcassets; sourceTree = "<group>"; };
		0337F7C7242F7C3B0080D0E5 /* Preview Assets.xcassets */ = {isa = PBXFileReference; lastKnownFileType = folder.assetcatalog; path = "Preview Assets.xcassets"; sourceTree = "<group>"; };
		0337F7CA242F7C3B0080D0E5 /* Base */ = {isa = PBXFileReference; lastKnownFileType = file.storyboard; name = Base; path = Base.lproj/LaunchScreen.storyboard; sourceTree = "<group>"; };
		0337F7CC242F7C3B0080D0E5 /* Info.plist */ = {isa = PBXFileReference; lastKnownFileType = text.plist.xml; path = Info.plist; sourceTree = "<group>"; };
		0337F7D4242F7CC40080D0E5 /* Games.swift */ = {isa = PBXFileReference; lastKnownFileType = sourcecode.swift; path = Games.swift; sourceTree = "<group>"; };
		0337F7DA242FAA5B0080D0E5 /* 4LetterDictionary.json */ = {isa = PBXFileReference; fileEncoding = 4; lastKnownFileType = text.json; path = 4LetterDictionary.json; sourceTree = "<group>"; };
		0337F7DC242FAC220080D0E5 /* FourLetterDictionary.swift */ = {isa = PBXFileReference; lastKnownFileType = sourcecode.swift; path = FourLetterDictionary.swift; sourceTree = "<group>"; };
		0337F7DE242FEF900080D0E5 /* DataLoader.swift */ = {isa = PBXFileReference; lastKnownFileType = sourcecode.swift; path = DataLoader.swift; sourceTree = "<group>"; };
/* End PBXFileReference section */

/* Begin PBXFrameworksBuildPhase section */
		0337F7B8242F7C380080D0E5 /* Frameworks */ = {
			isa = PBXFrameworksBuildPhase;
			buildActionMask = 2147483647;
			files = (
			);
			runOnlyForDeploymentPostprocessing = 0;
		};
/* End PBXFrameworksBuildPhase section */

/* Begin PBXGroup section */
		0337F7B2242F7C380080D0E5 = {
			isa = PBXGroup;
			children = (
				0337F7BD242F7C380080D0E5 /* WordPlay */,
				0337F7BC242F7C380080D0E5 /* Products */,
			);
			sourceTree = "<group>";
		};
		0337F7BC242F7C380080D0E5 /* Products */ = {
			isa = PBXGroup;
			children = (
				0337F7BB242F7C380080D0E5 /* WordPlay.app */,
			);
			name = Products;
			sourceTree = "<group>";
		};
		0337F7BD242F7C380080D0E5 /* WordPlay */ = {
			isa = PBXGroup;
			children = (
				0337F7DA242FAA5B0080D0E5 /* 4LetterDictionary.json */,
				0337F7D3242F7C6C0080D0E5 /* Views */,
				0337F7D2242F7C560080D0E5 /* Models */,
				0337F7BE242F7C380080D0E5 /* AppDelegate.swift */,
				0337F7C0242F7C380080D0E5 /* SceneDelegate.swift */,
				0337F7C2242F7C380080D0E5 /* ContentView.swift */,
				0337F7C4242F7C3B0080D0E5 /* Assets.xcassets */,
				0337F7C9242F7C3B0080D0E5 /* LaunchScreen.storyboard */,
				0337F7CC242F7C3B0080D0E5 /* Info.plist */,
				0337F7C6242F7C3B0080D0E5 /* Preview Content */,
			);
			path = WordPlay;
			sourceTree = "<group>";
		};
		0337F7C6242F7C3B0080D0E5 /* Preview Content */ = {
			isa = PBXGroup;
			children = (
				0337F7C7242F7C3B0080D0E5 /* Preview Assets.xcassets */,
			);
			path = "Preview Content";
			sourceTree = "<group>";
		};
		0337F7D2242F7C560080D0E5 /* Models */ = {
			isa = PBXGroup;
			children = (
				0337F7DC242FAC220080D0E5 /* FourLetterDictionary.swift */,
				0337F7DE242FEF900080D0E5 /* DataLoader.swift */,
			);
			path = Models;
			sourceTree = "<group>";
		};
		0337F7D3242F7C6C0080D0E5 /* Views */ = {
			isa = PBXGroup;
			children = (
				0337F7D4242F7CC40080D0E5 /* Games.swift */,
			);
			path = Views;
			sourceTree = "<group>";
		};
/* End PBXGroup section */

/* Begin PBXNativeTarget section */
		0337F7BA242F7C380080D0E5 /* WordPlay */ = {
			isa = PBXNativeTarget;
			buildConfigurationList = 0337F7CF242F7C3B0080D0E5 /* Build configuration list for PBXNativeTarget "WordPlay" */;
			buildPhases = (
				0337F7B7242F7C380080D0E5 /* Sources */,
				0337F7B8242F7C380080D0E5 /* Frameworks */,
				0337F7B9242F7C380080D0E5 /* Resources */,
			);
			buildRules = (
			);
			dependencies = (
			);
			name = WordPlay;
			productName = WordPlay;
			productReference = 0337F7BB242F7C380080D0E5 /* WordPlay.app */;
			productType = "com.apple.product-type.application";
		};
/* End PBXNativeTarget section */

/* Begin PBXProject section */
		0337F7B3242F7C380080D0E5 /* Project object */ = {
			isa = PBXProject;
			attributes = {
				LastSwiftUpdateCheck = 1140;
				LastUpgradeCheck = 1140;
				ORGANIZATIONNAME = "Ufuoma Okoro";
				TargetAttributes = {
					0337F7BA242F7C380080D0E5 = {
						CreatedOnToolsVersion = 11.4;
					};
				};
			};
			buildConfigurationList = 0337F7B6242F7C380080D0E5 /* Build configuration list for PBXProject "WordPlay" */;
			compatibilityVersion = "Xcode 9.3";
			developmentRegion = en;
			hasScannedForEncodings = 0;
			knownRegions = (
				en,
				Base,
			);
			mainGroup = 0337F7B2242F7C380080D0E5;
			productRefGroup = 0337F7BC242F7C380080D0E5 /* Products */;
			projectDirPath = "";
			projectRoot = "";
			targets = (
				0337F7BA242F7C380080D0E5 /* WordPlay */,
			);
		};
/* End PBXProject section */

/* Begin PBXResourcesBuildPhase section */
		0337F7B9242F7C380080D0E5 /* Resources */ = {
			isa = PBXResourcesBuildPhase;
			buildActionMask = 2147483647;
			files = (
				0337F7DB242FAA5B0080D0E5 /* 4LetterDictionary.json in Resources */,
				0337F7CB242F7C3B0080D0E5 /* LaunchScreen.storyboard in Resources */,
				0337F7C8242F7C3B0080D0E5 /* Preview Assets.xcassets in Resources */,
				0337F7C5242F7C3B0080D0E5 /* Assets.xcassets in Resources */,
			);
			runOnlyForDeploymentPostprocessing = 0;
		};
/* End PBXResourcesBuildPhase section */

/* Begin PBXSourcesBuildPhase section */
		0337F7B7242F7C380080D0E5 /* Sources */ = {
			isa = PBXSourcesBuildPhase;
			buildActionMask = 2147483647;
			files = (
				0337F7BF242F7C380080D0E5 /* AppDelegate.swift in Sources */,
				0337F7DD242FAC220080D0E5 /* FourLetterDictionary.swift in Sources */,
				0337F7DF242FEF900080D0E5 /* DataLoader.swift in Sources */,
				0337F7C1242F7C380080D0E5 /* SceneDelegate.swift in Sources */,
				0337F7C3242F7C380080D0E5 /* ContentView.swift in Sources */,
				0337F7D5242F7CC40080D0E5 /* Games.swift in Sources */,
			);
			runOnlyForDeploymentPostprocessing = 0;
		};
/* End PBXSourcesBuildPhase section */

/* Begin PBXVariantGroup section */
		0337F7C9242F7C3B0080D0E5 /* LaunchScreen.storyboard */ = {
			isa = PBXVariantGroup;
			children = (
				0337F7CA242F7C3B0080D0E5 /* Base */,
			);
			name = LaunchScreen.storyboard;
			sourceTree = "<group>";
		};
/* End PBXVariantGroup section */

/* Begin XCBuildConfiguration section */
		0337F7CD242F7C3B0080D0E5 /* Debug */ = {
			isa = XCBuildConfiguration;
			buildSettings = {
				ALWAYS_SEARCH_USER_PATHS = NO;
				CLANG_ANALYZER_NONNULL = YES;
				CLANG_ANALYZER_NUMBER_OBJECT_CONVERSION = YES_AGGRESSIVE;
				CLANG_CXX_LANGUAGE_STANDARD = "gnu++14";
				CLANG_CXX_LIBRARY = "libc++";
				CLANG_ENABLE_MODULES = YES;
				CLANG_ENABLE_OBJC_ARC = YES;
				CLANG_ENABLE_OBJC_WEAK = YES;
				CLANG_WARN_BLOCK_CAPTURE_AUTORELEASING = YES;
				CLANG_WARN_BOOL_CONVERSION = YES;
				CLANG_WARN_COMMA = YES;
				CLANG_WARN_CONSTANT_CONVERSION = YES;
				CLANG_WARN_DEPRECATED_OBJC_IMPLEMENTATIONS = YES;
				CLANG_WARN_DIRECT_OBJC_ISA_USAGE = YES_ERROR;
				CLANG_WARN_DOCUMENTATION_COMMENTS = YES;
				CLANG_WARN_EMPTY_BODY = YES;
				CLANG_WARN_ENUM_CONVERSION = YES;
				CLANG_WARN_INFINITE_RECURSION = YES;
				CLANG_WARN_INT_CONVERSION = YES;
				CLANG_WARN_NON_LITERAL_NULL_CONVERSION = YES;
				CLANG_WARN_OBJC_IMPLICIT_RETAIN_SELF = YES;
				CLANG_WARN_OBJC_LITERAL_CONVERSION = YES;
				CLANG_WARN_OBJC_ROOT_CLASS = YES_ERROR;
				CLANG_WARN_RANGE_LOOP_ANALYSIS = YES;
				CLANG_WARN_STRICT_PROTOTYPES = YES;
				CLANG_WARN_SUSPICIOUS_MOVE = YES;
				CLANG_WARN_UNGUARDED_AVAILABILITY = YES_AGGRESSIVE;
				CLANG_WARN_UNREACHABLE_CODE = YES;
				CLANG_WARN__DUPLICATE_METHOD_MATCH = YES;
				COPY_PHASE_STRIP = NO;
				DEBUG_INFORMATION_FORMAT = dwarf;
				ENABLE_STRICT_OBJC_MSGSEND = YES;
				ENABLE_TESTABILITY = YES;
				GCC_C_LANGUAGE_STANDARD = gnu11;
				GCC_DYNAMIC_NO_PIC = NO;
				GCC_NO_COMMON_BLOCKS = YES;
				GCC_OPTIMIZATION_LEVEL = 0;
				GCC_PREPROCESSOR_DEFINITIONS = (
					"DEBUG=1",
					"$(inherited)",
				);
				GCC_WARN_64_TO_32_BIT_CONVERSION = YES;
				GCC_WARN_ABOUT_RETURN_TYPE = YES_ERROR;
				GCC_WARN_UNDECLARED_SELECTOR = YES;
				GCC_WARN_UNINITIALIZED_AUTOS = YES_AGGRESSIVE;
				GCC_WARN_UNUSED_FUNCTION = YES;
				GCC_WARN_UNUSED_VARIABLE = YES;
				IPHONEOS_DEPLOYMENT_TARGET = 13.4;
				MTL_ENABLE_DEBUG_INFO = INCLUDE_SOURCE;
				MTL_FAST_MATH = YES;
				ONLY_ACTIVE_ARCH = YES;
				SDKROOT = iphoneos;
				SWIFT_ACTIVE_COMPILATION_CONDITIONS = DEBUG;
				SWIFT_OPTIMIZATION_LEVEL = "-Onone";
			};
			name = Debug;
		};
		0337F7CE242F7C3B0080D0E5 /* Release */ = {
			isa = XCBuildConfiguration;
			buildSettings = {
				ALWAYS_SEARCH_USER_PATHS = NO;
				CLANG_ANALYZER_NONNULL = YES;
				CLANG_ANALYZER_NUMBER_OBJECT_CONVERSION = YES_AGGRESSIVE;
				CLANG_CXX_LANGUAGE_STANDARD = "gnu++14";
				CLANG_CXX_LIBRARY = "libc++";
				CLANG_ENABLE_MODULES = YES;
				CLANG_ENABLE_OBJC_ARC = YES;
				CLANG_ENABLE_OBJC_WEAK = YES;
				CLANG_WARN_BLOCK_CAPTURE_AUTORELEASING = YES;
				CLANG_WARN_BOOL_CONVERSION = YES;
				CLANG_WARN_COMMA = YES;
				CLANG_WARN_CONSTANT_CONVERSION = YES;
				CLANG_WARN_DEPRECATED_OBJC_IMPLEMENTATIONS = YES;
				CLANG_WARN_DIRECT_OBJC_ISA_USAGE = YES_ERROR;
				CLANG_WARN_DOCUMENTATION_COMMENTS = YES;
				CLANG_WARN_EMPTY_BODY = YES;
				CLANG_WARN_ENUM_CONVERSION = YES;
				CLANG_WARN_INFINITE_RECURSION = YES;
				CLANG_WARN_INT_CONVERSION = YES;
				CLANG_WARN_NON_LITERAL_NULL_CONVERSION = YES;
				CLANG_WARN_OBJC_IMPLICIT_RETAIN_SELF = YES;
				CLANG_WARN_OBJC_LITERAL_CONVERSION = YES;
				CLANG_WARN_OBJC_ROOT_CLASS = YES_ERROR;
				CLANG_WARN_RANGE_LOOP_ANALYSIS = YES;
				CLANG_WARN_STRICT_PROTOTYPES = YES;
				CLANG_WARN_SUSPICIOUS_MOVE = YES;
				CLANG_WARN_UNGUARDED_AVAILABILITY = YES_AGGRESSIVE;
				CLANG_WARN_UNREACHABLE_CODE = YES;
				CLANG_WARN__DUPLICATE_METHOD_MATCH = YES;
				COPY_PHASE_STRIP = NO;
				DEBUG_INFORMATION_FORMAT = "dwarf-with-dsym";
				ENABLE_NS_ASSERTIONS = NO;
				ENABLE_STRICT_OBJC_MSGSEND = YES;
				GCC_C_LANGUAGE_STANDARD = gnu11;
				GCC_NO_COMMON_BLOCKS = YES;
				GCC_WARN_64_TO_32_BIT_CONVERSION = YES;
				GCC_WARN_ABOUT_RETURN_TYPE = YES_ERROR;
				GCC_WARN_UNDECLARED_SELECTOR = YES;
				GCC_WARN_UNINITIALIZED_AUTOS = YES_AGGRESSIVE;
				GCC_WARN_UNUSED_FUNCTION = YES;
				GCC_WARN_UNUSED_VARIABLE = YES;
				IPHONEOS_DEPLOYMENT_TARGET = 13.4;
				MTL_ENABLE_DEBUG_INFO = NO;
				MTL_FAST_MATH = YES;
				SDKROOT = iphoneos;
				SWIFT_COMPILATION_MODE = wholemodule;
				SWIFT_OPTIMIZATION_LEVEL = "-O";
				VALIDATE_PRODUCT = YES;
			};
			name = Release;
		};
		0337F7D0242F7C3B0080D0E5 /* Debug */ = {
			isa = XCBuildConfiguration;
			buildSettings = {
				ASSETCATALOG_COMPILER_APPICON_NAME = AppIcon;
				CODE_SIGN_STYLE = Automatic;
				DEVELOPMENT_ASSET_PATHS = "\"WordPlay/Preview Content\"";
				DEVELOPMENT_TEAM = FUA8MUZTUH;
				ENABLE_PREVIEWS = YES;
				INFOPLIST_FILE = WordPlay/Info.plist;
				LD_RUNPATH_SEARCH_PATHS = (
					"$(inherited)",
					"@executable_path/Frameworks",
				);
				PRODUCT_BUNDLE_IDENTIFIER = "ufookoro-me.com.WordPlay";
				PRODUCT_NAME = "$(TARGET_NAME)";
				SWIFT_VERSION = 5.0;
				TARGETED_DEVICE_FAMILY = "1,2";
			};
			name = Debug;
		};
		0337F7D1242F7C3B0080D0E5 /* Release */ = {
			isa = XCBuildConfiguration;
			buildSettings = {
				ASSETCATALOG_COMPILER_APPICON_NAME = AppIcon;
				CODE_SIGN_STYLE = Automatic;
				DEVELOPMENT_ASSET_PATHS = "\"WordPlay/Preview Content\"";
				DEVELOPMENT_TEAM = FUA8MUZTUH;
				ENABLE_PREVIEWS = YES;
				INFOPLIST_FILE = WordPlay/Info.plist;
				LD_RUNPATH_SEARCH_PATHS = (
					"$(inherited)",
					"@executable_path/Frameworks",
				);
				PRODUCT_BUNDLE_IDENTIFIER = "ufookoro-me.com.WordPlay";
				PRODUCT_NAME = "$(TARGET_NAME)";
				SWIFT_VERSION = 5.0;
				TARGETED_DEVICE_FAMILY = "1,2";
			};
			name = Release;
		};
/* End XCBuildConfiguration section */

/* Begin XCConfigurationList section */
		0337F7B6242F7C380080D0E5 /* Build configuration list for PBXProject "WordPlay" */ = {
			isa = XCConfigurationList;
			buildConfigurations = (
				0337F7CD242F7C3B0080D0E5 /* Debug */,
				0337F7CE242F7C3B0080D0E5 /* Release */,
			);
			defaultConfigurationIsVisible = 0;
			defaultConfigurationName = Release;
		};
		0337F7CF242F7C3B0080D0E5 /* Build configuration list for PBXNativeTarget "WordPlay" */ = {
			isa = XCConfigurationList;
			buildConfigurations = (
				0337F7D0242F7C3B0080D0E5 /* Debug */,
				0337F7D1242F7C3B0080D0E5 /* Release */,
			);
			defaultConfigurationIsVisible = 0;
			defaultConfigurationName = Release;
		};
/* End XCConfigurationList section */
	};
	rootObject = 0337F7B3242F7C380080D0E5 /* Project object */;
}
